
Microsoft Visual Studio Solution File, Format Version 12.00
# Visual Studio Version 17
VisualStudioVersion = 17.8.34322.80
MinimumVisualStudioVersion = 10.0.40219.1
Project("{9A19103F-16F7-4668-BE54-9A1E7A4F7556}") = "XDefiantWeaponStats", "XDefiantWeaponStats\XDefiantWeaponStats.csproj", "{5802759B-55AC-4C7F-8531-E9046655BB9B}"
EndProject
Global
	GlobalSection(SolutionConfigurationPlatforms) = preSolution
		Debug|Any CPU = Debug|Any CPU
		Release|Any CPU = Release|Any CPU
	EndGlobalSection
	GlobalSection(ProjectConfigurationPlatforms) = postSolution
		{5802759B-55AC-4C7F-8531-E9046655BB9B}.Debug|Any CPU.ActiveCfg = Debug|Any CPU
		{5802759B-55AC-4C7F-8531-E9046655BB9B}.Debug|Any CPU.Build.0 = Debug|Any CPU
		{5802759B-55AC-4C7F-8531-E9046655BB9B}.Release|Any CPU.ActiveCfg = Release|Any CPU
		{5802759B-55AC-4C7F-8531-E9046655BB9B}.Release|Any CPU.Build.0 = Release|Any CPU
	EndGlobalSection
	GlobalSection(SolutionProperties) = preSolution
		HideSolutionNode = FALSE
	EndGlobalSection
	GlobalSection(ExtensibilityGlobals) = postSolution
		SolutionGuid = {7CC51FBB-84E2-4EE5-A588-F79ACD6F22A5}
	EndGlobalSection
EndGlobal
